
Microsoft Visual Studio Solution File, Format Version 12.00
# Visual Studio 15
VisualStudioVersion = 15.0.28307.1062
MinimumVisualStudioVersion = 10.0.40219.1
Project("{FAE04EC0-301F-11D3-BF4B-00C04F79EFBC}") = "WebCrawler", "WebCrawler\WebCrawler.csproj", "{3D1819CB-8741-43FC-9A31-8281941E5690}"
EndProject
Global
	GlobalSection(SolutionConfigurationPlatforms) = preSolution
		Debug|Any CPU = Debug|Any CPU
		Release|Any CPU = Release|Any CPU
	EndGlobalSection
	GlobalSection(ProjectConfigurationPlatforms) = postSolution
		{3D1819CB-8741-43FC-9A31-8281941E5690}.Debug|Any CPU.ActiveCfg = Debug|Any CPU
		{3D1819CB-8741-43FC-9A31-8281941E5690}.Debug|Any CPU.Build.0 = Debug|Any CPU
		{3D1819CB-8741-43FC-9A31-8281941E5690}.Release|Any CPU.ActiveCfg = Release|Any CPU
		{3D1819CB-8741-43FC-9A31-8281941E5690}.Release|Any CPU.Build.0 = Release|Any CPU
	EndGlobalSection
	GlobalSection(SolutionProperties) = preSolution
		HideSolutionNode = FALSE
	EndGlobalSection
	GlobalSection(ExtensibilityGlobals) = postSolution
		SolutionGuid = {818582AB-4442-4C66-A244-D368E073138E}
	EndGlobalSection
EndGlobal
